// !$*UTF8*$!
{
	archiveVersion = 1;
	classes = {
	};
	objectVersion = 50;
	objects = {

/* Begin PBXBuildFile section */
		CE7014F126BFC830009ABDC1 /* IndexView.swift in Sources */ = {isa = PBXBuildFile; fileRef = CE7014F026BFC830009ABDC1 /* IndexView.swift */; };
		CE7014F526BFDA10009ABDC1 /* timeTools.swift in Sources */ = {isa = PBXBuildFile; fileRef = CE7014F426BFDA10009ABDC1 /* timeTools.swift */; };
		CE7014F926C0D868009ABDC1 /* JsonWriter.swift in Sources */ = {isa = PBXBuildFile; fileRef = CE7014F826C0D868009ABDC1 /* JsonWriter.swift */; };
		CE7014FC26C0F775009ABDC1 /* debug.json in Resources */ = {isa = PBXBuildFile; fileRef = CE7014FB26C0F775009ABDC1 /* debug.json */; };
		CEA7368126BA650A00BB9550 /* MedicinesNotifyApp.swift in Sources */ = {isa = PBXBuildFile; fileRef = CEA7368026BA650A00BB9550 /* MedicinesNotifyApp.swift */; };
		CEA7368326BA650A00BB9550 /* ContentView.swift in Sources */ = {isa = PBXBuildFile; fileRef = CEA7368226BA650A00BB9550 /* ContentView.swift */; };
		CEA7368526BA650C00BB9550 /* Assets.xcassets in Resources */ = {isa = PBXBuildFile; fileRef = CEA7368426BA650C00BB9550 /* Assets.xcassets */; };
		CEA7368826BA650C00BB9550 /* Preview Assets.xcassets in Resources */ = {isa = PBXBuildFile; fileRef = CEA7368726BA650C00BB9550 /* Preview Assets.xcassets */; };
		CEA7369A26BA673F00BB9550 /* JsonParser.swift in Sources */ = {isa = PBXBuildFile; fileRef = CEA7369926BA673F00BB9550 /* JsonParser.swift */; };
		CEA7369E26BA674800BB9550 /* JsonDefines.swift in Sources */ = {isa = PBXBuildFile; fileRef = CEA7369D26BA674800BB9550 /* JsonDefines.swift */; };
		CEA736C826BB829800BB9550 /* EditMyListView.swift in Sources */ = {isa = PBXBuildFile; fileRef = CEA736C726BB829800BB9550 /* EditMyListView.swift */; };
		CEA736CB26BB82B200BB9550 /* MyListView.swift in Sources */ = {isa = PBXBuildFile; fileRef = CEA736CA26BB82B200BB9550 /* MyListView.swift */; };
		CEA736CF26BB83E900BB9550 /* EnumDefines.swift in Sources */ = {isa = PBXBuildFile; fileRef = CEA736CE26BB83E900BB9550 /* EnumDefines.swift */; };
		CEA736D326BB87CF00BB9550 /* TimePeriodSetting.json in Resources */ = {isa = PBXBuildFile; fileRef = CEA736D226BB87CF00BB9550 /* TimePeriodSetting.json */; };
		CEA736DD26BB8B5800BB9550 /* MedicineItems.json in Resources */ = {isa = PBXBuildFile; fileRef = CEA736DC26BB8B5800BB9550 /* MedicineItems.json */; };
		CEA736E026BB8E2400BB9550 /* CustomMedicineItems.json in Resources */ = {isa = PBXBuildFile; fileRef = CEA736DF26BB8E2400BB9550 /* CustomMedicineItems.json */; };
		CEA736E826BBB98700BB9550 /* AddMedicineFrameView.swift in Sources */ = {isa = PBXBuildFile; fileRef = CEA736E726BBB98700BB9550 /* AddMedicineFrameView.swift */; };
		CEAE71B126CCE1F600D2FF21 /* colorTools.swift in Sources */ = {isa = PBXBuildFile; fileRef = CEAE71B026CCE1F600D2FF21 /* colorTools.swift */; };
		CEAE71B426CDE8E400D2FF21 /* BurgerListView.swift in Sources */ = {isa = PBXBuildFile; fileRef = CEAE71B326CDE8E300D2FF21 /* BurgerListView.swift */; };
		CEAE71B726CDE8FD00D2FF21 /* NotifyView.swift in Sources */ = {isa = PBXBuildFile; fileRef = CEAE71B626CDE8FD00D2FF21 /* NotifyView.swift */; };
/* End PBXBuildFile section */

/* Begin PBXFileReference section */
		CE7014F026BFC830009ABDC1 /* IndexView.swift */ = {isa = PBXFileReference; lastKnownFileType = sourcecode.swift; path = IndexView.swift; sourceTree = "<group>"; };
		CE7014F426BFDA10009ABDC1 /* timeTools.swift */ = {isa = PBXFileReference; lastKnownFileType = sourcecode.swift; path = timeTools.swift; sourceTree = "<group>"; };
		CE7014F826C0D868009ABDC1 /* JsonWriter.swift */ = {isa = PBXFileReference; lastKnownFileType = sourcecode.swift; path = JsonWriter.swift; sourceTree = "<group>"; };
		CE7014FB26C0F775009ABDC1 /* debug.json */ = {isa = PBXFileReference; fileEncoding = 4; lastKnownFileType = text.json; path = debug.json; sourceTree = "<group>"; };
		CEA7367D26BA650A00BB9550 /* MedicinesNotify.app */ = {isa = PBXFileReference; explicitFileType = wrapper.application; includeInIndex = 0; path = MedicinesNotify.app; sourceTree = BUILT_PRODUCTS_DIR; };
		CEA7368026BA650A00BB9550 /* MedicinesNotifyApp.swift */ = {isa = PBXFileReference; lastKnownFileType = sourcecode.swift; path = MedicinesNotifyApp.swift; sourceTree = "<group>"; };
		CEA7368226BA650A00BB9550 /* ContentView.swift */ = {isa = PBXFileReference; lastKnownFileType = sourcecode.swift; path = ContentView.swift; sourceTree = "<group>"; };
		CEA7368426BA650C00BB9550 /* Assets.xcassets */ = {isa = PBXFileReference; lastKnownFileType = folder.assetcatalog; path = Assets.xcassets; sourceTree = "<group>"; };
		CEA7368726BA650C00BB9550 /* Preview Assets.xcassets */ = {isa = PBXFileReference; lastKnownFileType = folder.assetcatalog; path = "Preview Assets.xcassets"; sourceTree = "<group>"; };
		CEA7368926BA650C00BB9550 /* Info.plist */ = {isa = PBXFileReference; lastKnownFileType = text.plist.xml; path = Info.plist; sourceTree = "<group>"; };
		CEA7369926BA673F00BB9550 /* JsonParser.swift */ = {isa = PBXFileReference; fileEncoding = 4; lastKnownFileType = sourcecode.swift; path = JsonParser.swift; sourceTree = "<group>"; };
		CEA7369D26BA674800BB9550 /* JsonDefines.swift */ = {isa = PBXFileReference; fileEncoding = 4; lastKnownFileType = sourcecode.swift; path = JsonDefines.swift; sourceTree = "<group>"; };
		CEA736C726BB829800BB9550 /* EditMyListView.swift */ = {isa = PBXFileReference; lastKnownFileType = sourcecode.swift; path = EditMyListView.swift; sourceTree = "<group>"; };
		CEA736CA26BB82B200BB9550 /* MyListView.swift */ = {isa = PBXFileReference; lastKnownFileType = sourcecode.swift; path = MyListView.swift; sourceTree = "<group>"; };
		CEA736CE26BB83E900BB9550 /* EnumDefines.swift */ = {isa = PBXFileReference; lastKnownFileType = sourcecode.swift; path = EnumDefines.swift; sourceTree = "<group>"; };
		CEA736D226BB87CF00BB9550 /* TimePeriodSetting.json */ = {isa = PBXFileReference; fileEncoding = 4; lastKnownFileType = text.json; path = TimePeriodSetting.json; sourceTree = "<group>"; };
		CEA736DC26BB8B5800BB9550 /* MedicineItems.json */ = {isa = PBXFileReference; fileEncoding = 4; lastKnownFileType = text.json; path = MedicineItems.json; sourceTree = "<group>"; };
		CEA736DF26BB8E2400BB9550 /* CustomMedicineItems.json */ = {isa = PBXFileReference; fileEncoding = 4; lastKnownFileType = text.json; name = CustomMedicineItems.json; path = MedicinesNotify/JsonFiles/CustomMedicineItems.json; sourceTree = SOURCE_ROOT; };
		CEA736E726BBB98700BB9550 /* AddMedicineFrameView.swift */ = {isa = PBXFileReference; lastKnownFileType = sourcecode.swift; path = AddMedicineFrameView.swift; sourceTree = "<group>"; };
		CEAE71B026CCE1F600D2FF21 /* colorTools.swift */ = {isa = PBXFileReference; lastKnownFileType = sourcecode.swift; path = colorTools.swift; sourceTree = "<group>"; };
		CEAE71B326CDE8E300D2FF21 /* BurgerListView.swift */ = {isa = PBXFileReference; lastKnownFileType = sourcecode.swift; path = BurgerListView.swift; sourceTree = "<group>"; };
		CEAE71B626CDE8FD00D2FF21 /* NotifyView.swift */ = {isa = PBXFileReference; lastKnownFileType = sourcecode.swift; path = NotifyView.swift; sourceTree = "<group>"; };
/* End PBXFileReference section */

/* Begin PBXFrameworksBuildPhase section */
		CEA7367A26BA650A00BB9550 /* Frameworks */ = {
			isa = PBXFrameworksBuildPhase;
			buildActionMask = 2147483647;
			files = (
			);
			runOnlyForDeploymentPostprocessing = 0;
		};
/* End PBXFrameworksBuildPhase section */

/* Begin PBXGroup section */
		CE7014EF26BFBE0B009ABDC1 /* IndexPage */ = {
			isa = PBXGroup;
			children = (
				CE7014F026BFC830009ABDC1 /* IndexView.swift */,
				CEAE71B326CDE8E300D2FF21 /* BurgerListView.swift */,
				CEAE71B626CDE8FD00D2FF21 /* NotifyView.swift */,
			);
			path = IndexPage;
			sourceTree = "<group>";
		};
		CEA7367426BA650A00BB9550 = {
			isa = PBXGroup;
			children = (
				CEA7367F26BA650A00BB9550 /* MedicinesNotify */,
				CEA7367E26BA650A00BB9550 /* Products */,
			);
			sourceTree = "<group>";
		};
		CEA7367E26BA650A00BB9550 /* Products */ = {
			isa = PBXGroup;
			children = (
				CEA7367D26BA650A00BB9550 /* MedicinesNotify.app */,
			);
			name = Products;
			sourceTree = "<group>";
		};
		CEA7367F26BA650A00BB9550 /* MedicinesNotify */ = {
			isa = PBXGroup;
			children = (
				CE7014EF26BFBE0B009ABDC1 /* IndexPage */,
				CEA736D126BB876D00BB9550 /* JsonFiles */,
				CEA736C126BB81D700BB9550 /* MyMedicineList */,
				CEA7369826BA673F00BB9550 /* ShareTools */,
				CEA7369C26BA674800BB9550 /* Defines */,
				CEA7368026BA650A00BB9550 /* MedicinesNotifyApp.swift */,
				CEA7368226BA650A00BB9550 /* ContentView.swift */,
				CEA7368426BA650C00BB9550 /* Assets.xcassets */,
				CEA7368926BA650C00BB9550 /* Info.plist */,
				CEA7368626BA650C00BB9550 /* Preview Content */,
			);
			path = MedicinesNotify;
			sourceTree = "<group>";
		};
		CEA7368626BA650C00BB9550 /* Preview Content */ = {
			isa = PBXGroup;
			children = (
				CEA7368726BA650C00BB9550 /* Preview Assets.xcassets */,
			);
			path = "Preview Content";
			sourceTree = "<group>";
		};
		CEA7369826BA673F00BB9550 /* ShareTools */ = {
			isa = PBXGroup;
			children = (
				CEA7369926BA673F00BB9550 /* JsonParser.swift */,
				CE7014F426BFDA10009ABDC1 /* timeTools.swift */,
				CE7014F826C0D868009ABDC1 /* JsonWriter.swift */,
				CEAE71B026CCE1F600D2FF21 /* colorTools.swift */,
			);
			path = ShareTools;
			sourceTree = "<group>";
		};
		CEA7369C26BA674800BB9550 /* Defines */ = {
			isa = PBXGroup;
			children = (
				CEA7369D26BA674800BB9550 /* JsonDefines.swift */,
				CEA736CE26BB83E900BB9550 /* EnumDefines.swift */,
			);
			name = Defines;
			path = MedicinesNotify/Defines;
			sourceTree = SOURCE_ROOT;
		};
		CEA736C126BB81D700BB9550 /* MyMedicineList */ = {
			isa = PBXGroup;
			children = (
				CEA736C726BB829800BB9550 /* EditMyListView.swift */,
				CEA736CA26BB82B200BB9550 /* MyListView.swift */,
				CEA736E726BBB98700BB9550 /* AddMedicineFrameView.swift */,
			);
			path = MyMedicineList;
			sourceTree = "<group>";
		};
		CEA736D126BB876D00BB9550 /* JsonFiles */ = {
			isa = PBXGroup;
			children = (
				CEA736D226BB87CF00BB9550 /* TimePeriodSetting.json */,
				CEA736DF26BB8E2400BB9550 /* CustomMedicineItems.json */,
				CEA736DC26BB8B5800BB9550 /* MedicineItems.json */,
				CE7014FB26C0F775009ABDC1 /* debug.json */,
			);
			path = JsonFiles;
			sourceTree = "<group>";
		};
/* End PBXGroup section */

/* Begin PBXNativeTarget section */
		CEA7367C26BA650A00BB9550 /* MedicinesNotify */ = {
			isa = PBXNativeTarget;
			buildConfigurationList = CEA7368C26BA650C00BB9550 /* Build configuration list for PBXNativeTarget "MedicinesNotify" */;
			buildPhases = (
				CEA7367926BA650A00BB9550 /* Sources */,
				CEA7367A26BA650A00BB9550 /* Frameworks */,
				CEA7367B26BA650A00BB9550 /* Resources */,
			);
			buildRules = (
			);
			dependencies = (
			);
			name = MedicinesNotify;
			productName = MedicinesNotify;
			productReference = CEA7367D26BA650A00BB9550 /* MedicinesNotify.app */;
			productType = "com.apple.product-type.application";
		};
/* End PBXNativeTarget section */

/* Begin PBXProject section */
		CEA7367526BA650A00BB9550 /* Project object */ = {
			isa = PBXProject;
			attributes = {
				LastSwiftUpdateCheck = 1210;
				LastUpgradeCheck = 1210;
				TargetAttributes = {
					CEA7367C26BA650A00BB9550 = {
						CreatedOnToolsVersion = 12.1;
					};
				};
			};
			buildConfigurationList = CEA7367826BA650A00BB9550 /* Build configuration list for PBXProject "MedicinesNotify" */;
			compatibilityVersion = "Xcode 9.3";
			developmentRegion = en;
			hasScannedForEncodings = 0;
			knownRegions = (
				en,
				Base,
			);
			mainGroup = CEA7367426BA650A00BB9550;
			productRefGroup = CEA7367E26BA650A00BB9550 /* Products */;
			projectDirPath = "";
			projectRoot = "";
			targets = (
				CEA7367C26BA650A00BB9550 /* MedicinesNotify */,
			);
		};
/* End PBXProject section */

/* Begin PBXResourcesBuildPhase section */
		CEA7367B26BA650A00BB9550 /* Resources */ = {
			isa = PBXResourcesBuildPhase;
			buildActionMask = 2147483647;
			files = (
				CEA7368826BA650C00BB9550 /* Preview Assets.xcassets in Resources */,
				CE7014FC26C0F775009ABDC1 /* debug.json in Resources */,
				CEA7368526BA650C00BB9550 /* Assets.xcassets in Resources */,
				CEA736DD26BB8B5800BB9550 /* MedicineItems.json in Resources */,
				CEA736D326BB87CF00BB9550 /* TimePeriodSetting.json in Resources */,
				CEA736E026BB8E2400BB9550 /* CustomMedicineItems.json in Resources */,
			);
			runOnlyForDeploymentPostprocessing = 0;
		};
/* End PBXResourcesBuildPhase section */

/* Begin PBXSourcesBuildPhase section */
		CEA7367926BA650A00BB9550 /* Sources */ = {
			isa = PBXSourcesBuildPhase;
			buildActionMask = 2147483647;
			files = (
				CEA7369E26BA674800BB9550 /* JsonDefines.swift in Sources */,
				CEA736CF26BB83E900BB9550 /* EnumDefines.swift in Sources */,
				CE7014F526BFDA10009ABDC1 /* timeTools.swift in Sources */,
				CEAE71B126CCE1F600D2FF21 /* colorTools.swift in Sources */,
				CEAE71B426CDE8E400D2FF21 /* BurgerListView.swift in Sources */,
				CEA736E826BBB98700BB9550 /* AddMedicineFrameView.swift in Sources */,
				CEA736CB26BB82B200BB9550 /* MyListView.swift in Sources */,
				CE7014F126BFC830009ABDC1 /* IndexView.swift in Sources */,
				CEA7368326BA650A00BB9550 /* ContentView.swift in Sources */,
				CEA7368126BA650A00BB9550 /* MedicinesNotifyApp.swift in Sources */,
				CEA736C826BB829800BB9550 /* EditMyListView.swift in Sources */,
				CE7014F926C0D868009ABDC1 /* JsonWriter.swift in Sources */,
				CEA7369A26BA673F00BB9550 /* JsonParser.swift in Sources */,
				CEAE71B726CDE8FD00D2FF21 /* NotifyView.swift in Sources */,
			);
			runOnlyForDeploymentPostprocessing = 0;
		};
/* End PBXSourcesBuildPhase section */

/* Begin XCBuildConfiguration section */
		CEA7368A26BA650C00BB9550 /* Debug */ = {
			isa = XCBuildConfiguration;
			buildSettings = {
				ALWAYS_SEARCH_USER_PATHS = NO;
				CLANG_ANALYZER_NONNULL = YES;
				CLANG_ANALYZER_NUMBER_OBJECT_CONVERSION = YES_AGGRESSIVE;
				CLANG_CXX_LANGUAGE_STANDARD = "gnu++14";
				CLANG_CXX_LIBRARY = "libc++";
				CLANG_ENABLE_MODULES = YES;
				CLANG_ENABLE_OBJC_ARC = YES;
				CLANG_ENABLE_OBJC_WEAK = YES;
				CLANG_WARN_BLOCK_CAPTURE_AUTORELEASING = YES;
				CLANG_WARN_BOOL_CONVERSION = YES;
				CLANG_WARN_COMMA = YES;
				CLANG_WARN_CONSTANT_CONVERSION = YES;
				CLANG_WARN_DEPRECATED_OBJC_IMPLEMENTATIONS = YES;
				CLANG_WARN_DIRECT_OBJC_ISA_USAGE = YES_ERROR;
				CLANG_WARN_DOCUMENTATION_COMMENTS = YES;
				CLANG_WARN_EMPTY_BODY = YES;
				CLANG_WARN_ENUM_CONVERSION = YES;
				CLANG_WARN_INFINITE_RECURSION = YES;
				CLANG_WARN_INT_CONVERSION = YES;
				CLANG_WARN_NON_LITERAL_NULL_CONVERSION = YES;
				CLANG_WARN_OBJC_IMPLICIT_RETAIN_SELF = YES;
				CLANG_WARN_OBJC_LITERAL_CONVERSION = YES;
				CLANG_WARN_OBJC_ROOT_CLASS = YES_ERROR;
				CLANG_WARN_QUOTED_INCLUDE_IN_FRAMEWORK_HEADER = YES;
				CLANG_WARN_RANGE_LOOP_ANALYSIS = YES;
				CLANG_WARN_STRICT_PROTOTYPES = YES;
				CLANG_WARN_SUSPICIOUS_MOVE = YES;
				CLANG_WARN_UNGUARDED_AVAILABILITY = YES_AGGRESSIVE;
				CLANG_WARN_UNREACHABLE_CODE = YES;
				CLANG_WARN__DUPLICATE_METHOD_MATCH = YES;
				COPY_PHASE_STRIP = NO;
				DEBUG_INFORMATION_FORMAT = dwarf;
				ENABLE_STRICT_OBJC_MSGSEND = YES;
				ENABLE_TESTABILITY = YES;
				GCC_C_LANGUAGE_STANDARD = gnu11;
				GCC_DYNAMIC_NO_PIC = NO;
				GCC_NO_COMMON_BLOCKS = YES;
				GCC_OPTIMIZATION_LEVEL = 0;
				GCC_PREPROCESSOR_DEFINITIONS = (
					"DEBUG=1",
					"$(inherited)",
				);
				GCC_WARN_64_TO_32_BIT_CONVERSION = YES;
				GCC_WARN_ABOUT_RETURN_TYPE = YES_ERROR;
				GCC_WARN_UNDECLARED_SELECTOR = YES;
				GCC_WARN_UNINITIALIZED_AUTOS = YES_AGGRESSIVE;
				GCC_WARN_UNUSED_FUNCTION = YES;
				GCC_WARN_UNUSED_VARIABLE = YES;
				IPHONEOS_DEPLOYMENT_TARGET = 14.1;
				MTL_ENABLE_DEBUG_INFO = INCLUDE_SOURCE;
				MTL_FAST_MATH = YES;
				ONLY_ACTIVE_ARCH = YES;
				SDKROOT = iphoneos;
				SWIFT_ACTIVE_COMPILATION_CONDITIONS = DEBUG;
				SWIFT_OPTIMIZATION_LEVEL = "-Onone";
			};
			name = Debug;
		};
		CEA7368B26BA650C00BB9550 /* Release */ = {
			isa = XCBuildConfiguration;
			buildSettings = {
				ALWAYS_SEARCH_USER_PATHS = NO;
				CLANG_ANALYZER_NONNULL = YES;
				CLANG_ANALYZER_NUMBER_OBJECT_CONVERSION = YES_AGGRESSIVE;
				CLANG_CXX_LANGUAGE_STANDARD = "gnu++14";
				CLANG_CXX_LIBRARY = "libc++";
				CLANG_ENABLE_MODULES = YES;
				CLANG_ENABLE_OBJC_ARC = YES;
				CLANG_ENABLE_OBJC_WEAK = YES;
				CLANG_WARN_BLOCK_CAPTURE_AUTORELEASING = YES;
				CLANG_WARN_BOOL_CONVERSION = YES;
				CLANG_WARN_COMMA = YES;
				CLANG_WARN_CONSTANT_CONVERSION = YES;
				CLANG_WARN_DEPRECATED_OBJC_IMPLEMENTATIONS = YES;
				CLANG_WARN_DIRECT_OBJC_ISA_USAGE = YES_ERROR;
				CLANG_WARN_DOCUMENTATION_COMMENTS = YES;
				CLANG_WARN_EMPTY_BODY = YES;
				CLANG_WARN_ENUM_CONVERSION = YES;
				CLANG_WARN_INFINITE_RECURSION = YES;
				CLANG_WARN_INT_CONVERSION = YES;
				CLANG_WARN_NON_LITERAL_NULL_CONVERSION = YES;
				CLANG_WARN_OBJC_IMPLICIT_RETAIN_SELF = YES;
				CLANG_WARN_OBJC_LITERAL_CONVERSION = YES;
				CLANG_WARN_OBJC_ROOT_CLASS = YES_ERROR;
				CLANG_WARN_QUOTED_INCLUDE_IN_FRAMEWORK_HEADER = YES;
				CLANG_WARN_RANGE_LOOP_ANALYSIS = YES;
				CLANG_WARN_STRICT_PROTOTYPES = YES;
				CLANG_WARN_SUSPICIOUS_MOVE = YES;
				CLANG_WARN_UNGUARDED_AVAILABILITY = YES_AGGRESSIVE;
				CLANG_WARN_UNREACHABLE_CODE = YES;
				CLANG_WARN__DUPLICATE_METHOD_MATCH = YES;
				COPY_PHASE_STRIP = NO;
				DEBUG_INFORMATION_FORMAT = "dwarf-with-dsym";
				ENABLE_NS_ASSERTIONS = NO;
				ENABLE_STRICT_OBJC_MSGSEND = YES;
				GCC_C_LANGUAGE_STANDARD = gnu11;
				GCC_NO_COMMON_BLOCKS = YES;
				GCC_WARN_64_TO_32_BIT_CONVERSION = YES;
				GCC_WARN_ABOUT_RETURN_TYPE = YES_ERROR;
				GCC_WARN_UNDECLARED_SELECTOR = YES;
				GCC_WARN_UNINITIALIZED_AUTOS = YES_AGGRESSIVE;
				GCC_WARN_UNUSED_FUNCTION = YES;
				GCC_WARN_UNUSED_VARIABLE = YES;
				IPHONEOS_DEPLOYMENT_TARGET = 14.1;
				MTL_ENABLE_DEBUG_INFO = NO;
				MTL_FAST_MATH = YES;
				SDKROOT = iphoneos;
				SWIFT_COMPILATION_MODE = wholemodule;
				SWIFT_OPTIMIZATION_LEVEL = "-O";
				VALIDATE_PRODUCT = YES;
			};
			name = Release;
		};
		CEA7368D26BA650C00BB9550 /* Debug */ = {
			isa = XCBuildConfiguration;
			buildSettings = {
				ASSETCATALOG_COMPILER_APPICON_NAME = AppIcon;
				ASSETCATALOG_COMPILER_GLOBAL_ACCENT_COLOR_NAME = AccentColor;
				CODE_SIGN_STYLE = Automatic;
				DEVELOPMENT_ASSET_PATHS = "\"MedicinesNotify/Preview Content\"";
				ENABLE_PREVIEWS = YES;
				INFOPLIST_FILE = MedicinesNotify/Info.plist;
				IPHONEOS_DEPLOYMENT_TARGET = 14.0;
				LD_RUNPATH_SEARCH_PATHS = (
					"$(inherited)",
					"@executable_path/Frameworks",
				);
				PRODUCT_BUNDLE_IDENTIFIER = Kyle.MedicinesNotify;
				PRODUCT_NAME = "$(TARGET_NAME)";
				SWIFT_VERSION = 5.0;
				TARGETED_DEVICE_FAMILY = "1,2";
			};
			name = Debug;
		};
		CEA7368E26BA650C00BB9550 /* Release */ = {
			isa = XCBuildConfiguration;
			buildSettings = {
				ASSETCATALOG_COMPILER_APPICON_NAME = AppIcon;
				ASSETCATALOG_COMPILER_GLOBAL_ACCENT_COLOR_NAME = AccentColor;
				CODE_SIGN_STYLE = Automatic;
				DEVELOPMENT_ASSET_PATHS = "\"MedicinesNotify/Preview Content\"";
				ENABLE_PREVIEWS = YES;
				INFOPLIST_FILE = MedicinesNotify/Info.plist;
				IPHONEOS_DEPLOYMENT_TARGET = 14.0;
				LD_RUNPATH_SEARCH_PATHS = (
					"$(inherited)",
					"@executable_path/Frameworks",
				);
				PRODUCT_BUNDLE_IDENTIFIER = Kyle.MedicinesNotify;
				PRODUCT_NAME = "$(TARGET_NAME)";
				SWIFT_VERSION = 5.0;
				TARGETED_DEVICE_FAMILY = "1,2";
			};
			name = Release;
		};
/* End XCBuildConfiguration section */

/* Begin XCConfigurationList section */
		CEA7367826BA650A00BB9550 /* Build configuration list for PBXProject "MedicinesNotify" */ = {
			isa = XCConfigurationList;
			buildConfigurations = (
				CEA7368A26BA650C00BB9550 /* Debug */,
				CEA7368B26BA650C00BB9550 /* Release */,
			);
			defaultConfigurationIsVisible = 0;
			defaultConfigurationName = Release;
		};
		CEA7368C26BA650C00BB9550 /* Build configuration list for PBXNativeTarget "MedicinesNotify" */ = {
			isa = XCConfigurationList;
			buildConfigurations = (
				CEA7368D26BA650C00BB9550 /* Debug */,
				CEA7368E26BA650C00BB9550 /* Release */,
			);
			defaultConfigurationIsVisible = 0;
			defaultConfigurationName = Release;
		};
/* End XCConfigurationList section */
	};
	rootObject = CEA7367526BA650A00BB9550 /* Project object */;
}
